// !$*UTF8*$!
{
	archiveVersion = 1;
	classes = {
	};
	objectVersion = 77;
	objects = {

/* Begin PBXBuildFile section */
		D57E08332DB9238200B365BC /* RealmSwift in Frameworks */ = {isa = PBXBuildFile; productRef = D57E08322DB9238200B365BC /* RealmSwift */; };
		D57E08342DB9238E00B365BC /* RealmSwift in Embed Frameworks */ = {isa = PBXBuildFile; productRef = D57E08322DB9238200B365BC /* RealmSwift */; settings = {ATTRIBUTES = (CodeSignOnCopy, ); }; };
		D57E08382DB92B6E00B365BC /* FirebaseAnalytics in Frameworks */ = {isa = PBXBuildFile; productRef = D57E08372DB92B6E00B365BC /* FirebaseAnalytics */; };
		D57E083A2DB92B6E00B365BC /* FirebaseAnalyticsOnDeviceConversion in Frameworks */ = {isa = PBXBuildFile; productRef = D57E08392DB92B6E00B365BC /* FirebaseAnalyticsOnDeviceConversion */; };
		D57E083C2DB92B6E00B365BC /* FirebaseAnalyticsWithoutAdIdSupport in Frameworks */ = {isa = PBXBuildFile; productRef = D57E083B2DB92B6E00B365BC /* FirebaseAnalyticsWithoutAdIdSupport */; };
		D57E083E2DB92B6E00B365BC /* FirebaseAuth in Frameworks */ = {isa = PBXBuildFile; productRef = D57E083D2DB92B6E00B365BC /* FirebaseAuth */; };
		D57E08402DB92B6E00B365BC /* FirebaseCore in Frameworks */ = {isa = PBXBuildFile; productRef = D57E083F2DB92B6E00B365BC /* FirebaseCore */; };
		D57E08422DB92B6E00B365BC /* FirebaseFirestore in Frameworks */ = {isa = PBXBuildFile; productRef = D57E08412DB92B6E00B365BC /* FirebaseFirestore */; };
		D57E08442DB92B6E00B365BC /* FirebaseFunctions in Frameworks */ = {isa = PBXBuildFile; productRef = D57E08432DB92B6E00B365BC /* FirebaseFunctions */; };
		D57E08462DB92B6E00B365BC /* FirebaseRemoteConfig in Frameworks */ = {isa = PBXBuildFile; productRef = D57E08452DB92B6E00B365BC /* FirebaseRemoteConfig */; };
		D5D801012DC12B170050D610 /* AppsFlyerLib in Frameworks */ = {isa = PBXBuildFile; productRef = D5D801002DC12B170050D610 /* AppsFlyerLib */; };
		D5D801042DC12B330050D610 /* SdkPushExpress in Frameworks */ = {isa = PBXBuildFile; productRef = D5D801032DC12B330050D610 /* SdkPushExpress */; };
		D5D801102DC12B470050D610 /* notificationsvc.appex in Embed Foundation Extensions */ = {isa = PBXBuildFile; fileRef = D5D801092DC12B470050D610 /* notificationsvc.appex */; settings = {ATTRIBUTES = (RemoveHeadersOnCopy, ); }; };
		D5D801182DC12B620050D610 /* SdkPushExpress in Frameworks */ = {isa = PBXBuildFile; productRef = D5D801172DC12B620050D610 /* SdkPushExpress */; };
		D5D8011B2DC12B9B0050D610 /* AdSupport.framework in Frameworks */ = {isa = PBXBuildFile; fileRef = D5D8011A2DC12B9B0050D610 /* AdSupport.framework */; };
		D5D8011D2DC12BDB0050D610 /* PrivacyInfo.xcprivacy in Resources */ = {isa = PBXBuildFile; fileRef = D5D8011C2DC12BDB0050D610 /* PrivacyInfo.xcprivacy */; };
/* End PBXBuildFile section */

/* Begin PBXContainerItemProxy section */
		D5D8010E2DC12B470050D610 /* PBXContainerItemProxy */ = {
			isa = PBXContainerItemProxy;
			containerPortal = D5B579142DB24D06004B4A76 /* Project object */;
			proxyType = 1;
			remoteGlobalIDString = D5D801082DC12B470050D610;
			remoteInfo = notificationsvc;
		};
/* End PBXContainerItemProxy section */

/* Begin PBXCopyFilesBuildPhase section */
		D57E08352DB9238E00B365BC /* Embed Frameworks */ = {
			isa = PBXCopyFilesBuildPhase;
			buildActionMask = 2147483647;
			dstPath = "";
			dstSubfolderSpec = 10;
			files = (
				D57E08342DB9238E00B365BC /* RealmSwift in Embed Frameworks */,
			);
			name = "Embed Frameworks";
			runOnlyForDeploymentPostprocessing = 0;
		};
		D5D801152DC12B470050D610 /* Embed Foundation Extensions */ = {
			isa = PBXCopyFilesBuildPhase;
			buildActionMask = 2147483647;
			dstPath = "";
			dstSubfolderSpec = 13;
			files = (
				D5D801102DC12B470050D610 /* notificationsvc.appex in Embed Foundation Extensions */,
			);
			name = "Embed Foundation Extensions";
			runOnlyForDeploymentPostprocessing = 0;
		};
/* End PBXCopyFilesBuildPhase section */

/* Begin PBXFileReference section */
		D5B5791C2DB24D06004B4A76 /* FragmentFusion.app */ = {isa = PBXFileReference; explicitFileType = wrapper.application; includeInIndex = 0; path = FragmentFusion.app; sourceTree = BUILT_PRODUCTS_DIR; };
		D5D801092DC12B470050D610 /* notificationsvc.appex */ = {isa = PBXFileReference; explicitFileType = "wrapper.app-extension"; includeInIndex = 0; path = notificationsvc.appex; sourceTree = BUILT_PRODUCTS_DIR; };
		D5D8011A2DC12B9B0050D610 /* AdSupport.framework */ = {isa = PBXFileReference; lastKnownFileType = wrapper.framework; name = AdSupport.framework; path = System/Library/Frameworks/AdSupport.framework; sourceTree = SDKROOT; };
		D5D8011C2DC12BDB0050D610 /* PrivacyInfo.xcprivacy */ = {isa = PBXFileReference; lastKnownFileType = text.xml; path = PrivacyInfo.xcprivacy; sourceTree = "<group>"; };
/* End PBXFileReference section */

/* Begin PBXFileSystemSynchronizedBuildFileExceptionSet section */
		D5B5792E2DB24D08004B4A76 /* Exceptions for "FragmentFusion" folder in "FragmentFusion" target */ = {
			isa = PBXFileSystemSynchronizedBuildFileExceptionSet;
			membershipExceptions = (
				Resources/Info.plist,
			);
			target = D5B5791B2DB24D06004B4A76 /* FragmentFusion */;
		};
		D5D801142DC12B470050D610 /* Exceptions for "notificationsvc" folder in "notificationsvc" target */ = {
			isa = PBXFileSystemSynchronizedBuildFileExceptionSet;
			membershipExceptions = (
				Info.plist,
			);
			target = D5D801082DC12B470050D610 /* notificationsvc */;
		};
/* End PBXFileSystemSynchronizedBuildFileExceptionSet section */

/* Begin PBXFileSystemSynchronizedRootGroup section */
		D5B5791E2DB24D06004B4A76 /* FragmentFusion */ = {
			isa = PBXFileSystemSynchronizedRootGroup;
			exceptions = (
				D5B5792E2DB24D08004B4A76 /* Exceptions for "FragmentFusion" folder in "FragmentFusion" target */,
			);
			path = FragmentFusion;
			sourceTree = "<group>";
		};
		D5D8010A2DC12B470050D610 /* notificationsvc */ = {
			isa = PBXFileSystemSynchronizedRootGroup;
			exceptions = (
				D5D801142DC12B470050D610 /* Exceptions for "notificationsvc" folder in "notificationsvc" target */,
			);
			path = notificationsvc;
			sourceTree = "<group>";
		};
/* End PBXFileSystemSynchronizedRootGroup section */

/* Begin PBXFrameworksBuildPhase section */
		D5B579192DB24D06004B4A76 /* Frameworks */ = {
			isa = PBXFrameworksBuildPhase;
			buildActionMask = 2147483647;
			files = (
				D57E08462DB92B6E00B365BC /* FirebaseRemoteConfig in Frameworks */,
				D5D801042DC12B330050D610 /* SdkPushExpress in Frameworks */,
				D5D801012DC12B170050D610 /* AppsFlyerLib in Frameworks */,
				D57E08382DB92B6E00B365BC /* FirebaseAnalytics in Frameworks */,
				D57E083E2DB92B6E00B365BC /* FirebaseAuth in Frameworks */,
				D5D8011B2DC12B9B0050D610 /* AdSupport.framework in Frameworks */,
				D57E083A2DB92B6E00B365BC /* FirebaseAnalyticsOnDeviceConversion in Frameworks */,
				D57E08442DB92B6E00B365BC /* FirebaseFunctions in Frameworks */,
				D57E08332DB9238200B365BC /* RealmSwift in Frameworks */,
				D57E08402DB92B6E00B365BC /* FirebaseCore in Frameworks */,
				D57E083C2DB92B6E00B365BC /* FirebaseAnalyticsWithoutAdIdSupport in Frameworks */,
				D57E08422DB92B6E00B365BC /* FirebaseFirestore in Frameworks */,
			);
			runOnlyForDeploymentPostprocessing = 0;
		};
		D5D801062DC12B470050D610 /* Frameworks */ = {
			isa = PBXFrameworksBuildPhase;
			buildActionMask = 2147483647;
			files = (
				D5D801182DC12B620050D610 /* SdkPushExpress in Frameworks */,
			);
			runOnlyForDeploymentPostprocessing = 0;
		};
/* End PBXFrameworksBuildPhase section */

/* Begin PBXGroup section */
		D5B579132DB24D06004B4A76 = {
			isa = PBXGroup;
			children = (
				D5D8011C2DC12BDB0050D610 /* PrivacyInfo.xcprivacy */,
				D5B5791E2DB24D06004B4A76 /* FragmentFusion */,
				D5D8010A2DC12B470050D610 /* notificationsvc */,
				D5D801162DC12B620050D610 /* Frameworks */,
				D5B5791D2DB24D06004B4A76 /* Products */,
			);
			sourceTree = "<group>";
		};
		D5B5791D2DB24D06004B4A76 /* Products */ = {
			isa = PBXGroup;
			children = (
				D5B5791C2DB24D06004B4A76 /* FragmentFusion.app */,
				D5D801092DC12B470050D610 /* notificationsvc.appex */,
			);
			name = Products;
			sourceTree = "<group>";
		};
		D5D801162DC12B620050D610 /* Frameworks */ = {
			isa = PBXGroup;
			children = (
				D5D8011A2DC12B9B0050D610 /* AdSupport.framework */,
			);
			name = Frameworks;
			sourceTree = "<group>";
		};
/* End PBXGroup section */

/* Begin PBXNativeTarget section */
		D5B5791B2DB24D06004B4A76 /* FragmentFusion */ = {
			isa = PBXNativeTarget;
			buildConfigurationList = D5B5792F2DB24D08004B4A76 /* Build configuration list for PBXNativeTarget "FragmentFusion" */;
			buildPhases = (
				D5B579182DB24D06004B4A76 /* Sources */,
				D5B579192DB24D06004B4A76 /* Frameworks */,
				D5B5791A2DB24D06004B4A76 /* Resources */,
				D57E08352DB9238E00B365BC /* Embed Frameworks */,
				D5D801152DC12B470050D610 /* Embed Foundation Extensions */,
			);
			buildRules = (
			);
			dependencies = (
				D5D8010F2DC12B470050D610 /* PBXTargetDependency */,
			);
			fileSystemSynchronizedGroups = (
				D5B5791E2DB24D06004B4A76 /* FragmentFusion */,
			);
			name = FragmentFusion;
			packageProductDependencies = (
				D57E08322DB9238200B365BC /* RealmSwift */,
				D57E08372DB92B6E00B365BC /* FirebaseAnalytics */,
				D57E08392DB92B6E00B365BC /* FirebaseAnalyticsOnDeviceConversion */,
				D57E083B2DB92B6E00B365BC /* FirebaseAnalyticsWithoutAdIdSupport */,
				D57E083D2DB92B6E00B365BC /* FirebaseAuth */,
				D57E083F2DB92B6E00B365BC /* FirebaseCore */,
				D57E08412DB92B6E00B365BC /* FirebaseFirestore */,
				D57E08432DB92B6E00B365BC /* FirebaseFunctions */,
				D57E08452DB92B6E00B365BC /* FirebaseRemoteConfig */,
				D5D801002DC12B170050D610 /* AppsFlyerLib */,
				D5D801032DC12B330050D610 /* SdkPushExpress */,
			);
			productName = PuzzlesPackMan;
			productReference = D5B5791C2DB24D06004B4A76 /* FragmentFusion.app */;
			productType = "com.apple.product-type.application";
		};
		D5D801082DC12B470050D610 /* notificationsvc */ = {
			isa = PBXNativeTarget;
			buildConfigurationList = D5D801112DC12B470050D610 /* Build configuration list for PBXNativeTarget "notificationsvc" */;
			buildPhases = (
				D5D801052DC12B470050D610 /* Sources */,
				D5D801062DC12B470050D610 /* Frameworks */,
				D5D801072DC12B470050D610 /* Resources */,
			);
			buildRules = (
			);
			dependencies = (
			);
			fileSystemSynchronizedGroups = (
				D5D8010A2DC12B470050D610 /* notificationsvc */,
			);
			name = notificationsvc;
			packageProductDependencies = (
				D5D801172DC12B620050D610 /* SdkPushExpress */,
			);
			productName = notificationsvc;
			productReference = D5D801092DC12B470050D610 /* notificationsvc.appex */;
			productType = "com.apple.product-type.app-extension";
		};
/* End PBXNativeTarget section */

/* Begin PBXProject section */
		D5B579142DB24D06004B4A76 /* Project object */ = {
			isa = PBXProject;
			attributes = {
				BuildIndependentTargetsInParallel = 1;
				LastSwiftUpdateCheck = 1620;
				LastUpgradeCheck = 1620;
				TargetAttributes = {
					D5B5791B2DB24D06004B4A76 = {
						CreatedOnToolsVersion = 16.2;
					};
					D5D801082DC12B470050D610 = {
						CreatedOnToolsVersion = 16.2;
					};
				};
			};
			buildConfigurationList = D5B579172DB24D06004B4A76 /* Build configuration list for PBXProject "FragmentFusion" */;
			developmentRegion = en;
			hasScannedForEncodings = 0;
			knownRegions = (
				en,
				Base,
			);
			mainGroup = D5B579132DB24D06004B4A76;
			minimizedProjectReferenceProxies = 1;
			packageReferences = (
				D57E08312DB9238200B365BC /* XCRemoteSwiftPackageReference "realm-swift" */,
				D57E08362DB92B6E00B365BC /* XCRemoteSwiftPackageReference "firebase-ios-sdk" */,
				D5D800FF2DC12B170050D610 /* XCRemoteSwiftPackageReference "AppsFlyerFramework" */,
				D5D801022DC12B330050D610 /* XCRemoteSwiftPackageReference "pushexpress-swift-sdk" */,
			);
			preferredProjectObjectVersion = 77;
			productRefGroup = D5B5791D2DB24D06004B4A76 /* Products */;
			projectDirPath = "";
			projectRoot = "";
			targets = (
				D5B5791B2DB24D06004B4A76 /* FragmentFusion */,
				D5D801082DC12B470050D610 /* notificationsvc */,
			);
		};
/* End PBXProject section */

/* Begin PBXResourcesBuildPhase section */
		D5B5791A2DB24D06004B4A76 /* Resources */ = {
			isa = PBXResourcesBuildPhase;
			buildActionMask = 2147483647;
			files = (
				D5D8011D2DC12BDB0050D610 /* PrivacyInfo.xcprivacy in Resources */,
			);
			runOnlyForDeploymentPostprocessing = 0;
		};
		D5D801072DC12B470050D610 /* Resources */ = {
			isa = PBXResourcesBuildPhase;
			buildActionMask = 2147483647;
			files = (
			);
			runOnlyForDeploymentPostprocessing = 0;
		};
/* End PBXResourcesBuildPhase section */

/* Begin PBXSourcesBuildPhase section */
		D5B579182DB24D06004B4A76 /* Sources */ = {
			isa = PBXSourcesBuildPhase;
			buildActionMask = 2147483647;
			files = (
			);
			runOnlyForDeploymentPostprocessing = 0;
		};
		D5D801052DC12B470050D610 /* Sources */ = {
			isa = PBXSourcesBuildPhase;
			buildActionMask = 2147483647;
			files = (
			);
			runOnlyForDeploymentPostprocessing = 0;
		};
/* End PBXSourcesBuildPhase section */

/* Begin PBXTargetDependency section */
		D5D8010F2DC12B470050D610 /* PBXTargetDependency */ = {
			isa = PBXTargetDependency;
			target = D5D801082DC12B470050D610 /* notificationsvc */;
			targetProxy = D5D8010E2DC12B470050D610 /* PBXContainerItemProxy */;
		};
/* End PBXTargetDependency section */

/* Begin XCBuildConfiguration section */
		D5B579302DB24D08004B4A76 /* Debug */ = {
			isa = XCBuildConfiguration;
			buildSettings = {
				ASSETCATALOG_COMPILER_APPICON_NAME = AppIcon;
				ASSETCATALOG_COMPILER_GLOBAL_ACCENT_COLOR_NAME = AccentColor;
				CODE_SIGN_ENTITLEMENTS = FragmentFusion/FragmentFusion.entitlements;
				CODE_SIGN_STYLE = Manual;
				CURRENT_PROJECT_VERSION = 1;
				DEVELOPMENT_TEAM = "";
				GENERATE_INFOPLIST_FILE = YES;
				INFOPLIST_FILE = FragmentFusion/Resources/Info.plist;
				INFOPLIST_KEY_CFBundleDisplayName = "Catch FragmentFusion";
				INFOPLIST_KEY_NSCameraUsageDescription = "This app needs access to your photo library to select puzzle images";
				INFOPLIST_KEY_NSPhotoLibraryUsageDescription = "This app needs access to your photo library to select puzzle images";
				INFOPLIST_KEY_NSUserTrackingUsageDescription = "This identifier will be used to show you personalized ads on the marketplaces.";
				INFOPLIST_KEY_UIApplicationSupportsIndirectInputEvents = YES;
				INFOPLIST_KEY_UILaunchStoryboardName = LaunchScreen;
				INFOPLIST_KEY_UIMainStoryboardFile = Main;
				INFOPLIST_KEY_UISupportedInterfaceOrientations = UIInterfaceOrientationPortrait;
				INFOPLIST_KEY_UISupportedInterfaceOrientations_iPad = "UIInterfaceOrientationLandscapeLeft UIInterfaceOrientationLandscapeRight UIInterfaceOrientationPortrait UIInterfaceOrientationPortraitUpsideDown";
				INFOPLIST_KEY_UIUserInterfaceStyle = Light;
				IPHONEOS_DEPLOYMENT_TARGET = 16.0;
				LD_RUNPATH_SEARCH_PATHS = (
					"$(inherited)",
					"@executable_path/Frameworks",
				);
				MARKETING_VERSION = 1.2;
				OTHER_LDFLAGS = "-ObjC";
				PRODUCT_BUNDLE_IDENTIFIER = com.sloanehill;
				PRODUCT_NAME = "$(TARGET_NAME)";
				PROVISIONING_PROFILE_SPECIFIER = "";
				SUPPORTED_PLATFORMS = "iphoneos iphonesimulator";
				SUPPORTS_MACCATALYST = NO;
				SUPPORTS_MAC_DESIGNED_FOR_IPHONE_IPAD = NO;
				SUPPORTS_XR_DESIGNED_FOR_IPHONE_IPAD = NO;
				SWIFT_EMIT_LOC_STRINGS = YES;
				SWIFT_VERSION = 5.0;
				TARGETED_DEVICE_FAMILY = 1;
			};
			name = Debug;
		};
		D5B579312DB24D08004B4A76 /* Release */ = {
			isa = XCBuildConfiguration;
			buildSettings = {
				ASSETCATALOG_COMPILER_APPICON_NAME = AppIcon;
				ASSETCATALOG_COMPILER_GLOBAL_ACCENT_COLOR_NAME = AccentColor;
				CODE_SIGN_ENTITLEMENTS = FragmentFusion/FragmentFusion.entitlements;
				CODE_SIGN_STYLE = Manual;
				CURRENT_PROJECT_VERSION = 1;
				DEVELOPMENT_TEAM = "";
				GENERATE_INFOPLIST_FILE = YES;
				INFOPLIST_FILE = FragmentFusion/Resources/Info.plist;
				INFOPLIST_KEY_CFBundleDisplayName = "Catch FragmentFusion";
				INFOPLIST_KEY_NSCameraUsageDescription = "This app needs access to your photo library to select puzzle images";
				INFOPLIST_KEY_NSPhotoLibraryUsageDescription = "This app needs access to your photo library to select puzzle images";
				INFOPLIST_KEY_NSUserTrackingUsageDescription = "This identifier will be used to show you personalized ads on the marketplaces.";
				INFOPLIST_KEY_UIApplicationSupportsIndirectInputEvents = YES;
				INFOPLIST_KEY_UILaunchStoryboardName = LaunchScreen;
				INFOPLIST_KEY_UIMainStoryboardFile = Main;
				INFOPLIST_KEY_UISupportedInterfaceOrientations = UIInterfaceOrientationPortrait;
				INFOPLIST_KEY_UISupportedInterfaceOrientations_iPad = "UIInterfaceOrientationLandscapeLeft UIInterfaceOrientationLandscapeRight UIInterfaceOrientationPortrait UIInterfaceOrientationPortraitUpsideDown";
				INFOPLIST_KEY_UIUserInterfaceStyle = Light;
				IPHONEOS_DEPLOYMENT_TARGET = 16.0;
				LD_RUNPATH_SEARCH_PATHS = (
					"$(inherited)",
					"@executable_path/Frameworks",
				);
				MARKETING_VERSION = 1.2;
				OTHER_LDFLAGS = "-ObjC";
				PRODUCT_BUNDLE_IDENTIFIER = com.sloanehill;
				PRODUCT_NAME = "$(TARGET_NAME)";
				PROVISIONING_PROFILE_SPECIFIER = "";
				SUPPORTED_PLATFORMS = "iphoneos iphonesimulator";
				SUPPORTS_MACCATALYST = NO;
				SUPPORTS_MAC_DESIGNED_FOR_IPHONE_IPAD = NO;
				SUPPORTS_XR_DESIGNED_FOR_IPHONE_IPAD = NO;
				SWIFT_EMIT_LOC_STRINGS = YES;
				SWIFT_VERSION = 5.0;
				TARGETED_DEVICE_FAMILY = 1;
			};
			name = Release;
		};
		D5B579322DB24D08004B4A76 /* Debug */ = {
			isa = XCBuildConfiguration;
			buildSettings = {
				ALWAYS_SEARCH_USER_PATHS = NO;
				ASSETCATALOG_COMPILER_GENERATE_SWIFT_ASSET_SYMBOL_EXTENSIONS = YES;
				CLANG_ANALYZER_NONNULL = YES;
				CLANG_ANALYZER_NUMBER_OBJECT_CONVERSION = YES_AGGRESSIVE;
				CLANG_CXX_LANGUAGE_STANDARD = "gnu++20";
				CLANG_ENABLE_MODULES = YES;
				CLANG_ENABLE_OBJC_ARC = YES;
				CLANG_ENABLE_OBJC_WEAK = YES;
				CLANG_WARN_BLOCK_CAPTURE_AUTORELEASING = YES;
				CLANG_WARN_BOOL_CONVERSION = YES;
				CLANG_WARN_COMMA = YES;
				CLANG_WARN_CONSTANT_CONVERSION = YES;
				CLANG_WARN_DEPRECATED_OBJC_IMPLEMENTATIONS = YES;
				CLANG_WARN_DIRECT_OBJC_ISA_USAGE = YES_ERROR;
				CLANG_WARN_DOCUMENTATION_COMMENTS = YES;
				CLANG_WARN_EMPTY_BODY = YES;
				CLANG_WARN_ENUM_CONVERSION = YES;
				CLANG_WARN_INFINITE_RECURSION = YES;
				CLANG_WARN_INT_CONVERSION = YES;
				CLANG_WARN_NON_LITERAL_NULL_CONVERSION = YES;
				CLANG_WARN_OBJC_IMPLICIT_RETAIN_SELF = YES;
				CLANG_WARN_OBJC_LITERAL_CONVERSION = YES;
				CLANG_WARN_OBJC_ROOT_CLASS = YES_ERROR;
				CLANG_WARN_QUOTED_INCLUDE_IN_FRAMEWORK_HEADER = YES;
				CLANG_WARN_RANGE_LOOP_ANALYSIS = YES;
				CLANG_WARN_STRICT_PROTOTYPES = YES;
				CLANG_WARN_SUSPICIOUS_MOVE = YES;
				CLANG_WARN_UNGUARDED_AVAILABILITY = YES_AGGRESSIVE;
				CLANG_WARN_UNREACHABLE_CODE = YES;
				CLANG_WARN__DUPLICATE_METHOD_MATCH = YES;
				COPY_PHASE_STRIP = NO;
				DEBUG_INFORMATION_FORMAT = dwarf;
				ENABLE_STRICT_OBJC_MSGSEND = YES;
				ENABLE_TESTABILITY = YES;
				ENABLE_USER_SCRIPT_SANDBOXING = YES;
				GCC_C_LANGUAGE_STANDARD = gnu17;
				GCC_DYNAMIC_NO_PIC = NO;
				GCC_NO_COMMON_BLOCKS = YES;
				GCC_OPTIMIZATION_LEVEL = 0;
				GCC_PREPROCESSOR_DEFINITIONS = (
					"DEBUG=1",
					"$(inherited)",
				);
				GCC_WARN_64_TO_32_BIT_CONVERSION = YES;
				GCC_WARN_ABOUT_RETURN_TYPE = YES_ERROR;
				GCC_WARN_UNDECLARED_SELECTOR = YES;
				GCC_WARN_UNINITIALIZED_AUTOS = YES_AGGRESSIVE;
				GCC_WARN_UNUSED_FUNCTION = YES;
				GCC_WARN_UNUSED_VARIABLE = YES;
				IPHONEOS_DEPLOYMENT_TARGET = 18.2;
				LOCALIZATION_PREFERS_STRING_CATALOGS = YES;
				MTL_ENABLE_DEBUG_INFO = INCLUDE_SOURCE;
				MTL_FAST_MATH = YES;
				ONLY_ACTIVE_ARCH = YES;
				SDKROOT = iphoneos;
				SWIFT_ACTIVE_COMPILATION_CONDITIONS = "DEBUG $(inherited)";
				SWIFT_OPTIMIZATION_LEVEL = "-Onone";
			};
			name = Debug;
		};
		D5B579332DB24D08004B4A76 /* Release */ = {
			isa = XCBuildConfiguration;
			buildSettings = {
				ALWAYS_SEARCH_USER_PATHS = NO;
				ASSETCATALOG_COMPILER_GENERATE_SWIFT_ASSET_SYMBOL_EXTENSIONS = YES;
				CLANG_ANALYZER_NONNULL = YES;
				CLANG_ANALYZER_NUMBER_OBJECT_CONVERSION = YES_AGGRESSIVE;
				CLANG_CXX_LANGUAGE_STANDARD = "gnu++20";
				CLANG_ENABLE_MODULES = YES;
				CLANG_ENABLE_OBJC_ARC = YES;
				CLANG_ENABLE_OBJC_WEAK = YES;
				CLANG_WARN_BLOCK_CAPTURE_AUTORELEASING = YES;
				CLANG_WARN_BOOL_CONVERSION = YES;
				CLANG_WARN_COMMA = YES;
				CLANG_WARN_CONSTANT_CONVERSION = YES;
				CLANG_WARN_DEPRECATED_OBJC_IMPLEMENTATIONS = YES;
				CLANG_WARN_DIRECT_OBJC_ISA_USAGE = YES_ERROR;
				CLANG_WARN_DOCUMENTATION_COMMENTS = YES;
				CLANG_WARN_EMPTY_BODY = YES;
				CLANG_WARN_ENUM_CONVERSION = YES;
				CLANG_WARN_INFINITE_RECURSION = YES;
				CLANG_WARN_INT_CONVERSION = YES;
				CLANG_WARN_NON_LITERAL_NULL_CONVERSION = YES;
				CLANG_WARN_OBJC_IMPLICIT_RETAIN_SELF = YES;
				CLANG_WARN_OBJC_LITERAL_CONVERSION = YES;
				CLANG_WARN_OBJC_ROOT_CLASS = YES_ERROR;
				CLANG_WARN_QUOTED_INCLUDE_IN_FRAMEWORK_HEADER = YES;
				CLANG_WARN_RANGE_LOOP_ANALYSIS = YES;
				CLANG_WARN_STRICT_PROTOTYPES = YES;
				CLANG_WARN_SUSPICIOUS_MOVE = YES;
				CLANG_WARN_UNGUARDED_AVAILABILITY = YES_AGGRESSIVE;
				CLANG_WARN_UNREACHABLE_CODE = YES;
				CLANG_WARN__DUPLICATE_METHOD_MATCH = YES;
				COPY_PHASE_STRIP = NO;
				DEBUG_INFORMATION_FORMAT = "dwarf-with-dsym";
				ENABLE_NS_ASSERTIONS = NO;
				ENABLE_STRICT_OBJC_MSGSEND = YES;
				ENABLE_USER_SCRIPT_SANDBOXING = YES;
				GCC_C_LANGUAGE_STANDARD = gnu17;
				GCC_NO_COMMON_BLOCKS = YES;
				GCC_WARN_64_TO_32_BIT_CONVERSION = YES;
				GCC_WARN_ABOUT_RETURN_TYPE = YES_ERROR;
				GCC_WARN_UNDECLARED_SELECTOR = YES;
				GCC_WARN_UNINITIALIZED_AUTOS = YES_AGGRESSIVE;
				GCC_WARN_UNUSED_FUNCTION = YES;
				GCC_WARN_UNUSED_VARIABLE = YES;
				IPHONEOS_DEPLOYMENT_TARGET = 18.2;
				LOCALIZATION_PREFERS_STRING_CATALOGS = YES;
				MTL_ENABLE_DEBUG_INFO = NO;
				MTL_FAST_MATH = YES;
				SDKROOT = iphoneos;
				SWIFT_COMPILATION_MODE = wholemodule;
				VALIDATE_PRODUCT = YES;
			};
			name = Release;
		};
		D5D801122DC12B470050D610 /* Debug */ = {
			isa = XCBuildConfiguration;
			buildSettings = {
				CODE_SIGN_STYLE = Manual;
				CURRENT_PROJECT_VERSION = 1;
				DEVELOPMENT_TEAM = "";
				GENERATE_INFOPLIST_FILE = YES;
				INFOPLIST_FILE = notificationsvc/Info.plist;
				INFOPLIST_KEY_CFBundleDisplayName = notificationsvc;
				INFOPLIST_KEY_NSHumanReadableCopyright = "";
				IPHONEOS_DEPLOYMENT_TARGET = 16.0;
				LD_RUNPATH_SEARCH_PATHS = (
					"$(inherited)",
					"@executable_path/Frameworks",
					"@executable_path/../../Frameworks",
				);
				MARKETING_VERSION = 1.2;
				PRODUCT_BUNDLE_IDENTIFIER = com.sloanehill.notificationsvc;
				PRODUCT_NAME = "$(TARGET_NAME)";
				PROVISIONING_PROFILE_SPECIFIER = "";
				SKIP_INSTALL = YES;
				SUPPORTED_PLATFORMS = "iphoneos iphonesimulator";
				SUPPORTS_MACCATALYST = NO;
				SUPPORTS_MAC_DESIGNED_FOR_IPHONE_IPAD = NO;
				SUPPORTS_XR_DESIGNED_FOR_IPHONE_IPAD = NO;
				SWIFT_EMIT_LOC_STRINGS = YES;
				SWIFT_VERSION = 5.0;
				TARGETED_DEVICE_FAMILY = 1;
			};
			name = Debug;
		};
		D5D801132DC12B470050D610 /* Release */ = {
			isa = XCBuildConfiguration;
			buildSettings = {
				CODE_SIGN_STYLE = Manual;
				CURRENT_PROJECT_VERSION = 1;
				DEVELOPMENT_TEAM = "";
				GENERATE_INFOPLIST_FILE = YES;
				INFOPLIST_FILE = notificationsvc/Info.plist;
				INFOPLIST_KEY_CFBundleDisplayName = notificationsvc;
				INFOPLIST_KEY_NSHumanReadableCopyright = "";
				IPHONEOS_DEPLOYMENT_TARGET = 16.0;
				LD_RUNPATH_SEARCH_PATHS = (
					"$(inherited)",
					"@executable_path/Frameworks",
					"@executable_path/../../Frameworks",
				);
				MARKETING_VERSION = 1.2;
				PRODUCT_BUNDLE_IDENTIFIER = com.sloanehill.notificationsvc;
				PRODUCT_NAME = "$(TARGET_NAME)";
				PROVISIONING_PROFILE_SPECIFIER = "";
				SKIP_INSTALL = YES;
				SUPPORTED_PLATFORMS = "iphoneos iphonesimulator";
				SUPPORTS_MACCATALYST = NO;
				SUPPORTS_MAC_DESIGNED_FOR_IPHONE_IPAD = NO;
				SUPPORTS_XR_DESIGNED_FOR_IPHONE_IPAD = NO;
				SWIFT_EMIT_LOC_STRINGS = YES;
				SWIFT_VERSION = 5.0;
				TARGETED_DEVICE_FAMILY = 1;
			};
			name = Release;
		};
/* End XCBuildConfiguration section */

/* Begin XCConfigurationList section */
		D5B579172DB24D06004B4A76 /* Build configuration list for PBXProject "FragmentFusion" */ = {
			isa = XCConfigurationList;
			buildConfigurations = (
				D5B579322DB24D08004B4A76 /* Debug */,
				D5B579332DB24D08004B4A76 /* Release */,
			);
			defaultConfigurationIsVisible = 0;
			defaultConfigurationName = Release;
		};
		D5B5792F2DB24D08004B4A76 /* Build configuration list for PBXNativeTarget "FragmentFusion" */ = {
			isa = XCConfigurationList;
			buildConfigurations = (
				D5B579302DB24D08004B4A76 /* Debug */,
				D5B579312DB24D08004B4A76 /* Release */,
			);
			defaultConfigurationIsVisible = 0;
			defaultConfigurationName = Release;
		};
		D5D801112DC12B470050D610 /* Build configuration list for PBXNativeTarget "notificationsvc" */ = {
			isa = XCConfigurationList;
			buildConfigurations = (
				D5D801122DC12B470050D610 /* Debug */,
				D5D801132DC12B470050D610 /* Release */,
			);
			defaultConfigurationIsVisible = 0;
			defaultConfigurationName = Release;
		};
/* End XCConfigurationList section */

/* Begin XCRemoteSwiftPackageReference section */
		D57E08312DB9238200B365BC /* XCRemoteSwiftPackageReference "realm-swift" */ = {
			isa = XCRemoteSwiftPackageReference;
			repositoryURL = "https://github.com/realm/realm-swift.git";
			requirement = {
				branch = master;
				kind = branch;
			};
		};
		D57E08362DB92B6E00B365BC /* XCRemoteSwiftPackageReference "firebase-ios-sdk" */ = {
			isa = XCRemoteSwiftPackageReference;
			repositoryURL = "https://github.com/firebase/firebase-ios-sdk";
			requirement = {
				kind = upToNextMajorVersion;
				minimumVersion = 11.12.0;
			};
		};
		D5D800FF2DC12B170050D610 /* XCRemoteSwiftPackageReference "AppsFlyerFramework" */ = {
			isa = XCRemoteSwiftPackageReference;
			repositoryURL = "https://github.com/AppsFlyerSDK/AppsFlyerFramework.git";
			requirement = {
				kind = upToNextMajorVersion;
				minimumVersion = 6.17.0;
			};
		};
		D5D801022DC12B330050D610 /* XCRemoteSwiftPackageReference "pushexpress-swift-sdk" */ = {
			isa = XCRemoteSwiftPackageReference;
			repositoryURL = "https://github.com/pushexpress/pushexpress-swift-sdk";
			requirement = {
				branch = main;
				kind = branch;
			};
		};
/* End XCRemoteSwiftPackageReference section */

/* Begin XCSwiftPackageProductDependency section */
		D57E08322DB9238200B365BC /* RealmSwift */ = {
			isa = XCSwiftPackageProductDependency;
			package = D57E08312DB9238200B365BC /* XCRemoteSwiftPackageReference "realm-swift" */;
			productName = RealmSwift;
		};
		D57E08372DB92B6E00B365BC /* FirebaseAnalytics */ = {
			isa = XCSwiftPackageProductDependency;
			package = D57E08362DB92B6E00B365BC /* XCRemoteSwiftPackageReference "firebase-ios-sdk" */;
			productName = FirebaseAnalytics;
		};
		D57E08392DB92B6E00B365BC /* FirebaseAnalyticsOnDeviceConversion */ = {
			isa = XCSwiftPackageProductDependency;
			package = D57E08362DB92B6E00B365BC /* XCRemoteSwiftPackageReference "firebase-ios-sdk" */;
			productName = FirebaseAnalyticsOnDeviceConversion;
		};
		D57E083B2DB92B6E00B365BC /* FirebaseAnalyticsWithoutAdIdSupport */ = {
			isa = XCSwiftPackageProductDependency;
			package = D57E08362DB92B6E00B365BC /* XCRemoteSwiftPackageReference "firebase-ios-sdk" */;
			productName = FirebaseAnalyticsWithoutAdIdSupport;
		};
		D57E083D2DB92B6E00B365BC /* FirebaseAuth */ = {
			isa = XCSwiftPackageProductDependency;
			package = D57E08362DB92B6E00B365BC /* XCRemoteSwiftPackageReference "firebase-ios-sdk" */;
			productName = FirebaseAuth;
		};
		D57E083F2DB92B6E00B365BC /* FirebaseCore */ = {
			isa = XCSwiftPackageProductDependency;
			package = D57E08362DB92B6E00B365BC /* XCRemoteSwiftPackageReference "firebase-ios-sdk" */;
			productName = FirebaseCore;
		};
		D57E08412DB92B6E00B365BC /* FirebaseFirestore */ = {
			isa = XCSwiftPackageProductDependency;
			package = D57E08362DB92B6E00B365BC /* XCRemoteSwiftPackageReference "firebase-ios-sdk" */;
			productName = FirebaseFirestore;
		};
		D57E08432DB92B6E00B365BC /* FirebaseFunctions */ = {
			isa = XCSwiftPackageProductDependency;
			package = D57E08362DB92B6E00B365BC /* XCRemoteSwiftPackageReference "firebase-ios-sdk" */;
			productName = FirebaseFunctions;
		};
		D57E08452DB92B6E00B365BC /* FirebaseRemoteConfig */ = {
			isa = XCSwiftPackageProductDependency;
			package = D57E08362DB92B6E00B365BC /* XCRemoteSwiftPackageReference "firebase-ios-sdk" */;
			productName = FirebaseRemoteConfig;
		};
		D5D801002DC12B170050D610 /* AppsFlyerLib */ = {
			isa = XCSwiftPackageProductDependency;
			package = D5D800FF2DC12B170050D610 /* XCRemoteSwiftPackageReference "AppsFlyerFramework" */;
			productName = AppsFlyerLib;
		};
		D5D801032DC12B330050D610 /* SdkPushExpress */ = {
			isa = XCSwiftPackageProductDependency;
			package = D5D801022DC12B330050D610 /* XCRemoteSwiftPackageReference "pushexpress-swift-sdk" */;
			productName = SdkPushExpress;
		};
		D5D801172DC12B620050D610 /* SdkPushExpress */ = {
			isa = XCSwiftPackageProductDependency;
			package = D5D801022DC12B330050D610 /* XCRemoteSwiftPackageReference "pushexpress-swift-sdk" */;
			productName = SdkPushExpress;
		};
/* End XCSwiftPackageProductDependency section */
	};
	rootObject = D5B579142DB24D06004B4A76 /* Project object */;
}
